{
  "name": "webcodebook",
  "version": "1.3.2",
  "lockfileVersion": 1,
  "requires": true,
  "dependencies": {
    "d3": {
      "version": "3.5.17",
      "resolved": "https://registry.npmjs.org/d3/-/d3-3.5.17.tgz",
      "integrity": "sha1-vEZ0gAQ3iyGjYMn8fPUjF5B2L7g="
    },
    "webcharts": {
      "version": "1.7.1",
      "resolved": "https://registry.npmjs.org/webcharts/-/webcharts-1.7.1.tgz",
      "integrity": "sha1-M0A8mhI8xnSTKRX+6JM4F23s7mQ=",
      "requires": {
        "d3": "3.5.17"
      }
    }
  }
}
